// !$*UTF8*$!
{
  archiveVersion = 1;
  classes = {};
  objectVersion = 52;
  objects = {
    PROJECT_ID /* Project object */ = {
      isa = PBXProject;
      attributes = {
        LastUpgradeCheck = 1230;
      };
      buildConfigurationList = CONFIG_ID;
      compatibilityVersion = "Xcode 3.2";
      developmentRegion = en;
      hasScannedForEncodings = 0;
      knownRegions = (en);
      mainGroup = MAIN_ID;
      targets = (TARGET_ID);
    };
  };
  rootObject = PROJECT_ID;
}
